// !$*UTF8*$!
{
	archiveVersion = 1;
	classes = {
	};
	objectVersion = 56;
	objects = {

/* Begin PBXBuildFile section */
		F712718C296743C2007FDCB2 /* pr-sample-contract.pdf in Resources */ = {isa = PBXBuildFile; fileRef = F712718B296743C1007FDCB2 /* pr-sample-contract.pdf */; };
		F71B5AB229E4A58200F0C8E3 /* FirebaseFirestoreSwift-Beta in Frameworks */ = {isa = PBXBuildFile; productRef = F71B5AB129E4A58200F0C8E3 /* FirebaseFirestoreSwift-Beta */; };
		F71B5AB529E4AA7D00F0C8E3 /* Kingfisher in Frameworks */ = {isa = PBXBuildFile; productRef = F71B5AB429E4AA7D00F0C8E3 /* Kingfisher */; };
		F72123BA29537D9300F1EE26 /* TransactionView.swift in Sources */ = {isa = PBXBuildFile; fileRef = F72123B929537D9300F1EE26 /* TransactionView.swift */; };
		F72123BC295387BE00F1EE26 /* ExpandedTenantView.swift in Sources */ = {isa = PBXBuildFile; fileRef = F72123BB295387BE00F1EE26 /* ExpandedTenantView.swift */; };
		F72123BE29538C8D00F1EE26 /* PropertyDetailView.swift in Sources */ = {isa = PBXBuildFile; fileRef = F72123BD29538C8D00F1EE26 /* PropertyDetailView.swift */; };
		F737B5C429526C6C0064ACCE /* realestate.swift in Sources */ = {isa = PBXBuildFile; fileRef = F737B5C329526C6C0064ACCE /* realestate.swift */; };
		F737B5C629526C6C0064ACCE /* ContentView.swift in Sources */ = {isa = PBXBuildFile; fileRef = F737B5C529526C6C0064ACCE /* ContentView.swift */; };
		F737B5C829526C6F0064ACCE /* Assets.xcassets in Resources */ = {isa = PBXBuildFile; fileRef = F737B5C729526C6F0064ACCE /* Assets.xcassets */; };
		F737B5CB29526C6F0064ACCE /* Preview Assets.xcassets in Resources */ = {isa = PBXBuildFile; fileRef = F737B5CA29526C6F0064ACCE /* Preview Assets.xcassets */; };
		F737B5D229526DEF0064ACCE /* HomeView.swift in Sources */ = {isa = PBXBuildFile; fileRef = F737B5D129526DEF0064ACCE /* HomeView.swift */; };
		F737B5D429527A170064ACCE /* PropertyView.swift in Sources */ = {isa = PBXBuildFile; fileRef = F737B5D329527A170064ACCE /* PropertyView.swift */; };
		F737B5D6295338600064ACCE /* FinanzasView.swift in Sources */ = {isa = PBXBuildFile; fileRef = F737B5D5295338600064ACCE /* FinanzasView.swift */; };
		F73D187229B6E95100F4D2D4 /* FirebaseAuth in Frameworks */ = {isa = PBXBuildFile; productRef = F73D187129B6E95100F4D2D4 /* FirebaseAuth */; };
		F73D187429B6E95100F4D2D4 /* FirebaseFirestore in Frameworks */ = {isa = PBXBuildFile; productRef = F73D187329B6E95100F4D2D4 /* FirebaseFirestore */; };
		F73D187629B6E95100F4D2D4 /* FirebaseStorage in Frameworks */ = {isa = PBXBuildFile; productRef = F73D187529B6E95100F4D2D4 /* FirebaseStorage */; };
		F73D187829B6F20500F4D2D4 /* FetcherService.swift in Sources */ = {isa = PBXBuildFile; fileRef = F73D187729B6F20500F4D2D4 /* FetcherService.swift */; };
		F74F1768295618B90044F7AF /* AjustesView.swift in Sources */ = {isa = PBXBuildFile; fileRef = F74F1767295618B90044F7AF /* AjustesView.swift */; };
		F74F470F29565E840012CCF5 /* Tenant.swift in Sources */ = {isa = PBXBuildFile; fileRef = F74F470E29565E840012CCF5 /* Tenant.swift */; };
		F74F4711295660620012CCF5 /* LandLordUser.swift in Sources */ = {isa = PBXBuildFile; fileRef = F74F4710295660620012CCF5 /* LandLordUser.swift */; };
		F74F4713295661750012CCF5 /* Property.swift in Sources */ = {isa = PBXBuildFile; fileRef = F74F4712295661750012CCF5 /* Property.swift */; };
		F762001329F83A39003FC0B5 /* NewTenantView.swift in Sources */ = {isa = PBXBuildFile; fileRef = F762001229F83A39003FC0B5 /* NewTenantView.swift */; };
		F762001529F87C0B003FC0B5 /* Transaction.swift in Sources */ = {isa = PBXBuildFile; fileRef = F762001429F87C0B003FC0B5 /* Transaction.swift */; };
		F774DDE029F8CAD400824389 /* TenantRowView.swift in Sources */ = {isa = PBXBuildFile; fileRef = F774DDDF29F8CAD400824389 /* TenantRowView.swift */; };
		F7769F9D29B3B19500B8518F /* AuthViewModel.swift in Sources */ = {isa = PBXBuildFile; fileRef = F7769F9C29B3B19500B8518F /* AuthViewModel.swift */; };
		F7769F9F29B3B9C900B8518F /* RegisterView.swift in Sources */ = {isa = PBXBuildFile; fileRef = F7769F9E29B3B9C900B8518F /* RegisterView.swift */; };
		F79BF92D29B036840083AF3C /* GoogleService-Info.plist in Resources */ = {isa = PBXBuildFile; fileRef = F79BF92C29B036840083AF3C /* GoogleService-Info.plist */; };
		F79BF93829B039550083AF3C /* LoginView.swift in Sources */ = {isa = PBXBuildFile; fileRef = F79BF93729B039550083AF3C /* LoginView.swift */; };
		F7BC115029B682E300C65173 /* ImagePicker.swift in Sources */ = {isa = PBXBuildFile; fileRef = F7BC114F29B682E300C65173 /* ImagePicker.swift */; };
		F7BC115329B686CB00C65173 /* View.swift in Sources */ = {isa = PBXBuildFile; fileRef = F7BC115229B686CB00C65173 /* View.swift */; };
		F7D8DAA1295640070096A811 /* ContractView.swift in Sources */ = {isa = PBXBuildFile; fileRef = F7D8DAA0295640070096A811 /* ContractView.swift */; };
		F7D983C029BA836300C334FC /* SelectProfilePhotoView.swift in Sources */ = {isa = PBXBuildFile; fileRef = F7D983BF29BA836300C334FC /* SelectProfilePhotoView.swift */; };
		F7DB242129B6E610009040C1 /* ImageUploader.swift in Sources */ = {isa = PBXBuildFile; fileRef = F7DB242029B6E610009040C1 /* ImageUploader.swift */; };
		F7E2AAB029E5CBD0006FD55F /* LaunchScreenStateManager.swift in Sources */ = {isa = PBXBuildFile; fileRef = F7E2AAAF29E5CBD0006FD55F /* LaunchScreenStateManager.swift */; };
		F7E2AAB229E5CC98006FD55F /* LaunchScreenView.swift in Sources */ = {isa = PBXBuildFile; fileRef = F7E2AAB129E5CC98006FD55F /* LaunchScreenView.swift */; };
		F7E2FD0229EC6FE2005F4717 /* EditPropertyView.swift in Sources */ = {isa = PBXBuildFile; fileRef = F7E2FD0129EC6FE2005F4717 /* EditPropertyView.swift */; };
		F7E2FD0629ED1298005F4717 /* Date.swift in Sources */ = {isa = PBXBuildFile; fileRef = F7E2FD0529ED1298005F4717 /* Date.swift */; };
		F7E2FD0829EDA780005F4717 /* Double.swift in Sources */ = {isa = PBXBuildFile; fileRef = F7E2FD0729EDA780005F4717 /* Double.swift */; };
		F7E2FD0A29EDBE36005F4717 /* Calendar.swift in Sources */ = {isa = PBXBuildFile; fileRef = F7E2FD0929EDBE36005F4717 /* Calendar.swift */; };
		F7ECA33D29E8A8C500191C9D /* NewPropertyView.swift in Sources */ = {isa = PBXBuildFile; fileRef = F7ECA33C29E8A8C500191C9D /* NewPropertyView.swift */; };
/* End PBXBuildFile section */

/* Begin PBXFileReference section */
		F712718B296743C1007FDCB2 /* pr-sample-contract.pdf */ = {isa = PBXFileReference; lastKnownFileType = image.pdf; path = "pr-sample-contract.pdf"; sourceTree = "<group>"; };
		F72123B929537D9300F1EE26 /* TransactionView.swift */ = {isa = PBXFileReference; lastKnownFileType = sourcecode.swift; name = TransactionView.swift; path = realestateapp/View/Finanzas/TransactionView.swift; sourceTree = SOURCE_ROOT; };
		F72123BB295387BE00F1EE26 /* ExpandedTenantView.swift */ = {isa = PBXFileReference; lastKnownFileType = sourcecode.swift; name = ExpandedTenantView.swift; path = realestateapp/View/Tenant/ExpandedTenantView.swift; sourceTree = SOURCE_ROOT; };
		F72123BD29538C8D00F1EE26 /* PropertyDetailView.swift */ = {isa = PBXFileReference; lastKnownFileType = sourcecode.swift; name = PropertyDetailView.swift; path = realestateapp/View/Property/PropertyDetailView.swift; sourceTree = SOURCE_ROOT; };
		F737B5C029526C6C0064ACCE /* RealEstate.app */ = {isa = PBXFileReference; explicitFileType = wrapper.application; includeInIndex = 0; path = RealEstate.app; sourceTree = BUILT_PRODUCTS_DIR; };
		F737B5C329526C6C0064ACCE /* realestate.swift */ = {isa = PBXFileReference; lastKnownFileType = sourcecode.swift; path = realestate.swift; sourceTree = "<group>"; };
		F737B5C529526C6C0064ACCE /* ContentView.swift */ = {isa = PBXFileReference; lastKnownFileType = sourcecode.swift; name = ContentView.swift; path = realestateapp/View/ContentView.swift; sourceTree = SOURCE_ROOT; };
		F737B5C729526C6F0064ACCE /* Assets.xcassets */ = {isa = PBXFileReference; lastKnownFileType = folder.assetcatalog; path = Assets.xcassets; sourceTree = "<group>"; };
		F737B5CA29526C6F0064ACCE /* Preview Assets.xcassets */ = {isa = PBXFileReference; lastKnownFileType = folder.assetcatalog; path = "Preview Assets.xcassets"; sourceTree = "<group>"; };
		F737B5D129526DEF0064ACCE /* HomeView.swift */ = {isa = PBXFileReference; lastKnownFileType = sourcecode.swift; name = HomeView.swift; path = realestateapp/View/HomeView.swift; sourceTree = SOURCE_ROOT; };
		F737B5D329527A170064ACCE /* PropertyView.swift */ = {isa = PBXFileReference; lastKnownFileType = sourcecode.swift; name = PropertyView.swift; path = realestateapp/View/Property/PropertyView.swift; sourceTree = SOURCE_ROOT; };
		F737B5D5295338600064ACCE /* FinanzasView.swift */ = {isa = PBXFileReference; lastKnownFileType = sourcecode.swift; name = FinanzasView.swift; path = realestateapp/View/Finanzas/FinanzasView.swift; sourceTree = SOURCE_ROOT; };
		F73D187729B6F20500F4D2D4 /* FetcherService.swift */ = {isa = PBXFileReference; lastKnownFileType = sourcecode.swift; path = FetcherService.swift; sourceTree = "<group>"; };
		F74F1767295618B90044F7AF /* AjustesView.swift */ = {isa = PBXFileReference; lastKnownFileType = sourcecode.swift; path = AjustesView.swift; sourceTree = "<group>"; };
		F74F470E29565E840012CCF5 /* Tenant.swift */ = {isa = PBXFileReference; lastKnownFileType = sourcecode.swift; path = Tenant.swift; sourceTree = "<group>"; };
		F74F4710295660620012CCF5 /* LandLordUser.swift */ = {isa = PBXFileReference; lastKnownFileType = sourcecode.swift; path = LandLordUser.swift; sourceTree = "<group>"; };
		F74F4712295661750012CCF5 /* Property.swift */ = {isa = PBXFileReference; lastKnownFileType = sourcecode.swift; path = Property.swift; sourceTree = "<group>"; };
		F762001229F83A39003FC0B5 /* NewTenantView.swift */ = {isa = PBXFileReference; lastKnownFileType = sourcecode.swift; path = NewTenantView.swift; sourceTree = "<group>"; };
		F762001429F87C0B003FC0B5 /* Transaction.swift */ = {isa = PBXFileReference; lastKnownFileType = sourcecode.swift; path = Transaction.swift; sourceTree = "<group>"; };
		F774DDDF29F8CAD400824389 /* TenantRowView.swift */ = {isa = PBXFileReference; lastKnownFileType = sourcecode.swift; path = TenantRowView.swift; sourceTree = "<group>"; };
		F7769F9C29B3B19500B8518F /* AuthViewModel.swift */ = {isa = PBXFileReference; lastKnownFileType = sourcecode.swift; path = AuthViewModel.swift; sourceTree = "<group>"; };
		F7769F9E29B3B9C900B8518F /* RegisterView.swift */ = {isa = PBXFileReference; lastKnownFileType = sourcecode.swift; path = RegisterView.swift; sourceTree = "<group>"; };
		F7769FA029B3BB2F00B8518F /* RealEstate-Info.plist */ = {isa = PBXFileReference; lastKnownFileType = text.plist; path = "RealEstate-Info.plist"; sourceTree = "<group>"; };
		F79BF92C29B036840083AF3C /* GoogleService-Info.plist */ = {isa = PBXFileReference; fileEncoding = 4; lastKnownFileType = text.plist.xml; path = "GoogleService-Info.plist"; sourceTree = "<group>"; };
		F79BF93729B039550083AF3C /* LoginView.swift */ = {isa = PBXFileReference; lastKnownFileType = sourcecode.swift; path = LoginView.swift; sourceTree = "<group>"; };
		F7BC114F29B682E300C65173 /* ImagePicker.swift */ = {isa = PBXFileReference; lastKnownFileType = sourcecode.swift; path = ImagePicker.swift; sourceTree = "<group>"; };
		F7BC115229B686CB00C65173 /* View.swift */ = {isa = PBXFileReference; lastKnownFileType = sourcecode.swift; path = View.swift; sourceTree = "<group>"; };
		F7D8DAA0295640070096A811 /* ContractView.swift */ = {isa = PBXFileReference; lastKnownFileType = sourcecode.swift; path = ContractView.swift; sourceTree = "<group>"; };
		F7D983BF29BA836300C334FC /* SelectProfilePhotoView.swift */ = {isa = PBXFileReference; lastKnownFileType = sourcecode.swift; path = SelectProfilePhotoView.swift; sourceTree = "<group>"; };
		F7DB242029B6E610009040C1 /* ImageUploader.swift */ = {isa = PBXFileReference; lastKnownFileType = sourcecode.swift; path = ImageUploader.swift; sourceTree = "<group>"; };
		F7E2AAAF29E5CBD0006FD55F /* LaunchScreenStateManager.swift */ = {isa = PBXFileReference; lastKnownFileType = sourcecode.swift; path = LaunchScreenStateManager.swift; sourceTree = "<group>"; };
		F7E2AAB129E5CC98006FD55F /* LaunchScreenView.swift */ = {isa = PBXFileReference; lastKnownFileType = sourcecode.swift; path = LaunchScreenView.swift; sourceTree = "<group>"; };
		F7E2FD0129EC6FE2005F4717 /* EditPropertyView.swift */ = {isa = PBXFileReference; lastKnownFileType = sourcecode.swift; path = EditPropertyView.swift; sourceTree = "<group>"; };
		F7E2FD0529ED1298005F4717 /* Date.swift */ = {isa = PBXFileReference; lastKnownFileType = sourcecode.swift; path = Date.swift; sourceTree = "<group>"; };
		F7E2FD0729EDA780005F4717 /* Double.swift */ = {isa = PBXFileReference; lastKnownFileType = sourcecode.swift; path = Double.swift; sourceTree = "<group>"; };
		F7E2FD0929EDBE36005F4717 /* Calendar.swift */ = {isa = PBXFileReference; lastKnownFileType = sourcecode.swift; path = Calendar.swift; sourceTree = "<group>"; };
		F7ECA33C29E8A8C500191C9D /* NewPropertyView.swift */ = {isa = PBXFileReference; lastKnownFileType = sourcecode.swift; path = NewPropertyView.swift; sourceTree = "<group>"; };
/* End PBXFileReference section */

/* Begin PBXFrameworksBuildPhase section */
		F737B5BD29526C6C0064ACCE /* Frameworks */ = {
			isa = PBXFrameworksBuildPhase;
			buildActionMask = 2147483647;
			files = (
				F73D187229B6E95100F4D2D4 /* FirebaseAuth in Frameworks */,
				F71B5AB229E4A58200F0C8E3 /* FirebaseFirestoreSwift-Beta in Frameworks */,
				F73D187429B6E95100F4D2D4 /* FirebaseFirestore in Frameworks */,
				F73D187629B6E95100F4D2D4 /* FirebaseStorage in Frameworks */,
				F71B5AB529E4AA7D00F0C8E3 /* Kingfisher in Frameworks */,
			);
			runOnlyForDeploymentPostprocessing = 0;
		};
/* End PBXFrameworksBuildPhase section */

/* Begin PBXGroup section */
		F71B5AAF29E482A500F0C8E3 /* Finanzas */ = {
			isa = PBXGroup;
			children = (
				F737B5D5295338600064ACCE /* FinanzasView.swift */,
				F72123B929537D9300F1EE26 /* TransactionView.swift */,
			);
			path = Finanzas;
			sourceTree = "<group>";
		};
		F71B5AB029E4A58200F0C8E3 /* Frameworks */ = {
			isa = PBXGroup;
			children = (
			);
			name = Frameworks;
			sourceTree = "<group>";
		};
		F737B5B729526C6C0064ACCE = {
			isa = PBXGroup;
			children = (
				F7769FA029B3BB2F00B8518F /* RealEstate-Info.plist */,
				F737B5C229526C6C0064ACCE /* realestateapp */,
				F737B5C129526C6C0064ACCE /* Products */,
				F71B5AB029E4A58200F0C8E3 /* Frameworks */,
			);
			sourceTree = "<group>";
		};
		F737B5C129526C6C0064ACCE /* Products */ = {
			isa = PBXGroup;
			children = (
				F737B5C029526C6C0064ACCE /* RealEstate.app */,
			);
			name = Products;
			sourceTree = "<group>";
		};
		F737B5C229526C6C0064ACCE /* realestateapp */ = {
			isa = PBXGroup;
			children = (
				F79BF92C29B036840083AF3C /* GoogleService-Info.plist */,
				F737B5C329526C6C0064ACCE /* realestate.swift */,
				F7DB241F29B6E5F9009040C1 /* Service */,
				F7BC115129B686B600C65173 /* Extensions */,
				F7BC114E29B682CF00C65173 /* Utils */,
				F74F470D29565E390012CCF5 /* ViewModel */,
				F7EE6E54295503D4006EFF35 /* Model */,
				F7EE6E53295503CA006EFF35 /* View */,
				F7D8DA9D29563EFC0096A811 /* Data */,
				F737B5C729526C6F0064ACCE /* Assets.xcassets */,
				F737B5C929526C6F0064ACCE /* Preview Content */,
			);
			path = realestateapp;
			sourceTree = "<group>";
		};
		F737B5C929526C6F0064ACCE /* Preview Content */ = {
			isa = PBXGroup;
			children = (
				F737B5CA29526C6F0064ACCE /* Preview Assets.xcassets */,
			);
			path = "Preview Content";
			sourceTree = "<group>";
		};
		F74F470D29565E390012CCF5 /* ViewModel */ = {
			isa = PBXGroup;
			children = (
				F7769F9929B3B17000B8518F /* Auth */,
			);
			path = ViewModel;
			sourceTree = "<group>";
		};
		F762001129F83A28003FC0B5 /* Tenant */ = {
			isa = PBXGroup;
			children = (
				F762001229F83A39003FC0B5 /* NewTenantView.swift */,
				F774DDDF29F8CAD400824389 /* TenantRowView.swift */,
				F72123BB295387BE00F1EE26 /* ExpandedTenantView.swift */,
			);
			path = Tenant;
			sourceTree = "<group>";
		};
		F7769F9929B3B17000B8518F /* Auth */ = {
			isa = PBXGroup;
			children = (
				F7769F9C29B3B19500B8518F /* AuthViewModel.swift */,
			);
			path = Auth;
			sourceTree = "<group>";
		};
		F7BC114E29B682CF00C65173 /* Utils */ = {
			isa = PBXGroup;
			children = (
				F7BC114F29B682E300C65173 /* ImagePicker.swift */,
			);
			path = Utils;
			sourceTree = "<group>";
		};
		F7BC115129B686B600C65173 /* Extensions */ = {
			isa = PBXGroup;
			children = (
				F7BC115229B686CB00C65173 /* View.swift */,
				F7E2FD0529ED1298005F4717 /* Date.swift */,
				F7E2FD0729EDA780005F4717 /* Double.swift */,
				F7E2FD0929EDBE36005F4717 /* Calendar.swift */,
			);
			path = Extensions;
			sourceTree = "<group>";
		};
		F7D8DA9D29563EFC0096A811 /* Data */ = {
			isa = PBXGroup;
			children = (
				F712718B296743C1007FDCB2 /* pr-sample-contract.pdf */,
			);
			path = Data;
			sourceTree = "<group>";
		};
		F7D983BE29BA833600C334FC /* Auth */ = {
			isa = PBXGroup;
			children = (
				F79BF93729B039550083AF3C /* LoginView.swift */,
				F7769F9E29B3B9C900B8518F /* RegisterView.swift */,
				F7D983BF29BA836300C334FC /* SelectProfilePhotoView.swift */,
			);
			path = Auth;
			sourceTree = "<group>";
		};
		F7DB241F29B6E5F9009040C1 /* Service */ = {
			isa = PBXGroup;
			children = (
				F7DB242029B6E610009040C1 /* ImageUploader.swift */,
				F73D187729B6F20500F4D2D4 /* FetcherService.swift */,
			);
			path = Service;
			sourceTree = "<group>";
		};
		F7E2AAAC29E5CB87006FD55F /* LaunchScreen */ = {
			isa = PBXGroup;
			children = (
				F7E2AAAF29E5CBD0006FD55F /* LaunchScreenStateManager.swift */,
				F7E2AAB129E5CC98006FD55F /* LaunchScreenView.swift */,
			);
			path = LaunchScreen;
			sourceTree = "<group>";
		};
		F7ECA33B29E8A8B700191C9D /* Property */ = {
			isa = PBXGroup;
			children = (
				F72123BD29538C8D00F1EE26 /* PropertyDetailView.swift */,
				F737B5D329527A170064ACCE /* PropertyView.swift */,
				F7ECA33C29E8A8C500191C9D /* NewPropertyView.swift */,
				F7E2FD0129EC6FE2005F4717 /* EditPropertyView.swift */,
			);
			path = Property;
			sourceTree = "<group>";
		};
		F7EE6E53295503CA006EFF35 /* View */ = {
			isa = PBXGroup;
			children = (
				F762001129F83A28003FC0B5 /* Tenant */,
				F737B5C529526C6C0064ACCE /* ContentView.swift */,
				F737B5D129526DEF0064ACCE /* HomeView.swift */,
				F7E2AAAC29E5CB87006FD55F /* LaunchScreen */,
				F7D983BE29BA833600C334FC /* Auth */,
				F71B5AAF29E482A500F0C8E3 /* Finanzas */,
				F7ECA33B29E8A8B700191C9D /* Property */,
				F74F1767295618B90044F7AF /* AjustesView.swift */,
				F7D8DAA0295640070096A811 /* ContractView.swift */,
			);
			path = View;
			sourceTree = "<group>";
		};
		F7EE6E54295503D4006EFF35 /* Model */ = {
			isa = PBXGroup;
			children = (
				F74F470E29565E840012CCF5 /* Tenant.swift */,
				F74F4710295660620012CCF5 /* LandLordUser.swift */,
				F74F4712295661750012CCF5 /* Property.swift */,
				F762001429F87C0B003FC0B5 /* Transaction.swift */,
			);
			path = Model;
			sourceTree = "<group>";
		};
/* End PBXGroup section */

/* Begin PBXNativeTarget section */
		F737B5BF29526C6C0064ACCE /* RealEstate */ = {
			isa = PBXNativeTarget;
			buildConfigurationList = F737B5CE29526C6F0064ACCE /* Build configuration list for PBXNativeTarget "RealEstate" */;
			buildPhases = (
				F737B5BC29526C6C0064ACCE /* Sources */,
				F737B5BD29526C6C0064ACCE /* Frameworks */,
				F737B5BE29526C6C0064ACCE /* Resources */,
			);
			buildRules = (
			);
			dependencies = (
			);
			name = RealEstate;
			packageProductDependencies = (
				F73D187129B6E95100F4D2D4 /* FirebaseAuth */,
				F73D187329B6E95100F4D2D4 /* FirebaseFirestore */,
				F73D187529B6E95100F4D2D4 /* FirebaseStorage */,
				F71B5AB129E4A58200F0C8E3 /* FirebaseFirestoreSwift-Beta */,
				F71B5AB429E4AA7D00F0C8E3 /* Kingfisher */,
			);
			productName = realestateapp;
			productReference = F737B5C029526C6C0064ACCE /* RealEstate.app */;
			productType = "com.apple.product-type.application";
		};
/* End PBXNativeTarget section */

/* Begin PBXProject section */
		F737B5B829526C6C0064ACCE /* Project object */ = {
			isa = PBXProject;
			attributes = {
				BuildIndependentTargetsInParallel = 1;
				LastSwiftUpdateCheck = 1410;
				LastUpgradeCheck = 1410;
				TargetAttributes = {
					F737B5BF29526C6C0064ACCE = {
						CreatedOnToolsVersion = 14.1;
					};
				};
			};
			buildConfigurationList = F737B5BB29526C6C0064ACCE /* Build configuration list for PBXProject "RealEstate" */;
			compatibilityVersion = "Xcode 14.0";
			developmentRegion = es;
			hasScannedForEncodings = 0;
			knownRegions = (
				en,
				Base,
				es,
			);
			mainGroup = F737B5B729526C6C0064ACCE;
			packageReferences = (
				F73D187029B6E95000F4D2D4 /* XCRemoteSwiftPackageReference "firebase-ios-sdk" */,
				F71B5AB329E4AA7D00F0C8E3 /* XCRemoteSwiftPackageReference "Kingfisher" */,
			);
			productRefGroup = F737B5C129526C6C0064ACCE /* Products */;
			projectDirPath = "";
			projectRoot = "";
			targets = (
				F737B5BF29526C6C0064ACCE /* RealEstate */,
			);
		};
/* End PBXProject section */

/* Begin PBXResourcesBuildPhase section */
		F737B5BE29526C6C0064ACCE /* Resources */ = {
			isa = PBXResourcesBuildPhase;
			buildActionMask = 2147483647;
			files = (
				F737B5CB29526C6F0064ACCE /* Preview Assets.xcassets in Resources */,
				F737B5C829526C6F0064ACCE /* Assets.xcassets in Resources */,
				F79BF92D29B036840083AF3C /* GoogleService-Info.plist in Resources */,
				F712718C296743C2007FDCB2 /* pr-sample-contract.pdf in Resources */,
			);
			runOnlyForDeploymentPostprocessing = 0;
		};
/* End PBXResourcesBuildPhase section */

/* Begin PBXSourcesBuildPhase section */
		F737B5BC29526C6C0064ACCE /* Sources */ = {
			isa = PBXSourcesBuildPhase;
			buildActionMask = 2147483647;
			files = (
				F762001329F83A39003FC0B5 /* NewTenantView.swift in Sources */,
				F72123BE29538C8D00F1EE26 /* PropertyDetailView.swift in Sources */,
				F74F4711295660620012CCF5 /* LandLordUser.swift in Sources */,
				F74F470F29565E840012CCF5 /* Tenant.swift in Sources */,
				F7E2FD0229EC6FE2005F4717 /* EditPropertyView.swift in Sources */,
				F7BC115029B682E300C65173 /* ImagePicker.swift in Sources */,
				F7DB242129B6E610009040C1 /* ImageUploader.swift in Sources */,
				F737B5D229526DEF0064ACCE /* HomeView.swift in Sources */,
				F7D8DAA1295640070096A811 /* ContractView.swift in Sources */,
				F7BC115329B686CB00C65173 /* View.swift in Sources */,
				F74F1768295618B90044F7AF /* AjustesView.swift in Sources */,
				F74F4713295661750012CCF5 /* Property.swift in Sources */,
				F737B5D429527A170064ACCE /* PropertyView.swift in Sources */,
				F7769F9F29B3B9C900B8518F /* RegisterView.swift in Sources */,
				F762001529F87C0B003FC0B5 /* Transaction.swift in Sources */,
				F79BF93829B039550083AF3C /* LoginView.swift in Sources */,
				F737B5D6295338600064ACCE /* FinanzasView.swift in Sources */,
				F737B5C629526C6C0064ACCE /* ContentView.swift in Sources */,
				F7769F9D29B3B19500B8518F /* AuthViewModel.swift in Sources */,
				F73D187829B6F20500F4D2D4 /* FetcherService.swift in Sources */,
				F7E2FD0A29EDBE36005F4717 /* Calendar.swift in Sources */,
				F737B5C429526C6C0064ACCE /* realestate.swift in Sources */,
				F7ECA33D29E8A8C500191C9D /* NewPropertyView.swift in Sources */,
				F7E2AAB029E5CBD0006FD55F /* LaunchScreenStateManager.swift in Sources */,
				F72123BA29537D9300F1EE26 /* TransactionView.swift in Sources */,
				F7E2FD0629ED1298005F4717 /* Date.swift in Sources */,
				F7D983C029BA836300C334FC /* SelectProfilePhotoView.swift in Sources */,
				F72123BC295387BE00F1EE26 /* ExpandedTenantView.swift in Sources */,
				F774DDE029F8CAD400824389 /* TenantRowView.swift in Sources */,
				F7E2AAB229E5CC98006FD55F /* LaunchScreenView.swift in Sources */,
				F7E2FD0829EDA780005F4717 /* Double.swift in Sources */,
			);
			runOnlyForDeploymentPostprocessing = 0;
		};
/* End PBXSourcesBuildPhase section */

/* Begin XCBuildConfiguration section */
		F737B5CC29526C6F0064ACCE /* Debug */ = {
			isa = XCBuildConfiguration;
			buildSettings = {
				ALWAYS_SEARCH_USER_PATHS = NO;
				CLANG_ANALYZER_NONNULL = YES;
				CLANG_ANALYZER_NUMBER_OBJECT_CONVERSION = YES_AGGRESSIVE;
				CLANG_CXX_LANGUAGE_STANDARD = "gnu++20";
				CLANG_ENABLE_MODULES = YES;
				CLANG_ENABLE_OBJC_ARC = YES;
				CLANG_ENABLE_OBJC_WEAK = YES;
				CLANG_WARN_BLOCK_CAPTURE_AUTORELEASING = YES;
				CLANG_WARN_BOOL_CONVERSION = YES;
				CLANG_WARN_COMMA = YES;
				CLANG_WARN_CONSTANT_CONVERSION = YES;
				CLANG_WARN_DEPRECATED_OBJC_IMPLEMENTATIONS = YES;
				CLANG_WARN_DIRECT_OBJC_ISA_USAGE = YES_ERROR;
				CLANG_WARN_DOCUMENTATION_COMMENTS = YES;
				CLANG_WARN_EMPTY_BODY = YES;
				CLANG_WARN_ENUM_CONVERSION = YES;
				CLANG_WARN_INFINITE_RECURSION = YES;
				CLANG_WARN_INT_CONVERSION = YES;
				CLANG_WARN_NON_LITERAL_NULL_CONVERSION = YES;
				CLANG_WARN_OBJC_IMPLICIT_RETAIN_SELF = YES;
				CLANG_WARN_OBJC_LITERAL_CONVERSION = YES;
				CLANG_WARN_OBJC_ROOT_CLASS = YES_ERROR;
				CLANG_WARN_QUOTED_INCLUDE_IN_FRAMEWORK_HEADER = YES;
				CLANG_WARN_RANGE_LOOP_ANALYSIS = YES;
				CLANG_WARN_STRICT_PROTOTYPES = YES;
				CLANG_WARN_SUSPICIOUS_MOVE = YES;
				CLANG_WARN_UNGUARDED_AVAILABILITY = YES_AGGRESSIVE;
				CLANG_WARN_UNREACHABLE_CODE = YES;
				CLANG_WARN__DUPLICATE_METHOD_MATCH = YES;
				COPY_PHASE_STRIP = NO;
				DEBUG_INFORMATION_FORMAT = dwarf;
				ENABLE_STRICT_OBJC_MSGSEND = YES;
				ENABLE_TESTABILITY = YES;
				GCC_C_LANGUAGE_STANDARD = gnu11;
				GCC_DYNAMIC_NO_PIC = NO;
				GCC_NO_COMMON_BLOCKS = YES;
				GCC_OPTIMIZATION_LEVEL = 0;
				GCC_PREPROCESSOR_DEFINITIONS = (
					"DEBUG=1",
					"$(inherited)",
				);
				GCC_WARN_64_TO_32_BIT_CONVERSION = YES;
				GCC_WARN_ABOUT_RETURN_TYPE = YES_ERROR;
				GCC_WARN_UNDECLARED_SELECTOR = YES;
				GCC_WARN_UNINITIALIZED_AUTOS = YES_AGGRESSIVE;
				GCC_WARN_UNUSED_FUNCTION = YES;
				GCC_WARN_UNUSED_VARIABLE = YES;
				IPHONEOS_DEPLOYMENT_TARGET = 16.1;
				MTL_ENABLE_DEBUG_INFO = INCLUDE_SOURCE;
				MTL_FAST_MATH = YES;
				ONLY_ACTIVE_ARCH = YES;
				SDKROOT = iphoneos;
				SWIFT_ACTIVE_COMPILATION_CONDITIONS = DEBUG;
				SWIFT_OPTIMIZATION_LEVEL = "-Onone";
			};
			name = Debug;
		};
		F737B5CD29526C6F0064ACCE /* Release */ = {
			isa = XCBuildConfiguration;
			buildSettings = {
				ALWAYS_SEARCH_USER_PATHS = NO;
				CLANG_ANALYZER_NONNULL = YES;
				CLANG_ANALYZER_NUMBER_OBJECT_CONVERSION = YES_AGGRESSIVE;
				CLANG_CXX_LANGUAGE_STANDARD = "gnu++20";
				CLANG_ENABLE_MODULES = YES;
				CLANG_ENABLE_OBJC_ARC = YES;
				CLANG_ENABLE_OBJC_WEAK = YES;
				CLANG_WARN_BLOCK_CAPTURE_AUTORELEASING = YES;
				CLANG_WARN_BOOL_CONVERSION = YES;
				CLANG_WARN_COMMA = YES;
				CLANG_WARN_CONSTANT_CONVERSION = YES;
				CLANG_WARN_DEPRECATED_OBJC_IMPLEMENTATIONS = YES;
				CLANG_WARN_DIRECT_OBJC_ISA_USAGE = YES_ERROR;
				CLANG_WARN_DOCUMENTATION_COMMENTS = YES;
				CLANG_WARN_EMPTY_BODY = YES;
				CLANG_WARN_ENUM_CONVERSION = YES;
				CLANG_WARN_INFINITE_RECURSION = YES;
				CLANG_WARN_INT_CONVERSION = YES;
				CLANG_WARN_NON_LITERAL_NULL_CONVERSION = YES;
				CLANG_WARN_OBJC_IMPLICIT_RETAIN_SELF = YES;
				CLANG_WARN_OBJC_LITERAL_CONVERSION = YES;
				CLANG_WARN_OBJC_ROOT_CLASS = YES_ERROR;
				CLANG_WARN_QUOTED_INCLUDE_IN_FRAMEWORK_HEADER = YES;
				CLANG_WARN_RANGE_LOOP_ANALYSIS = YES;
				CLANG_WARN_STRICT_PROTOTYPES = YES;
				CLANG_WARN_SUSPICIOUS_MOVE = YES;
				CLANG_WARN_UNGUARDED_AVAILABILITY = YES_AGGRESSIVE;
				CLANG_WARN_UNREACHABLE_CODE = YES;
				CLANG_WARN__DUPLICATE_METHOD_MATCH = YES;
				COPY_PHASE_STRIP = NO;
				DEBUG_INFORMATION_FORMAT = "dwarf-with-dsym";
				ENABLE_NS_ASSERTIONS = NO;
				ENABLE_STRICT_OBJC_MSGSEND = YES;
				GCC_C_LANGUAGE_STANDARD = gnu11;
				GCC_NO_COMMON_BLOCKS = YES;
				GCC_WARN_64_TO_32_BIT_CONVERSION = YES;
				GCC_WARN_ABOUT_RETURN_TYPE = YES_ERROR;
				GCC_WARN_UNDECLARED_SELECTOR = YES;
				GCC_WARN_UNINITIALIZED_AUTOS = YES_AGGRESSIVE;
				GCC_WARN_UNUSED_FUNCTION = YES;
				GCC_WARN_UNUSED_VARIABLE = YES;
				IPHONEOS_DEPLOYMENT_TARGET = 16.1;
				MTL_ENABLE_DEBUG_INFO = NO;
				MTL_FAST_MATH = YES;
				SDKROOT = iphoneos;
				SWIFT_COMPILATION_MODE = wholemodule;
				SWIFT_OPTIMIZATION_LEVEL = "-O";
				VALIDATE_PRODUCT = YES;
			};
			name = Release;
		};
		F737B5CF29526C6F0064ACCE /* Debug */ = {
			isa = XCBuildConfiguration;
			buildSettings = {
				ASSETCATALOG_COMPILER_APPICON_NAME = AppIcon;
				ASSETCATALOG_COMPILER_GLOBAL_ACCENT_COLOR_NAME = AccentColor;
				CODE_SIGN_STYLE = Automatic;
				CURRENT_PROJECT_VERSION = 1;
				DEVELOPMENT_ASSET_PATHS = "\"realestateapp/Preview Content\"";
				DEVELOPMENT_TEAM = RP67JK5JJ9;
				ENABLE_PREVIEWS = YES;
				GENERATE_INFOPLIST_FILE = YES;
				INFOPLIST_FILE = "RealEstate-Info.plist";
				INFOPLIST_KEY_UIApplicationSceneManifest_Generation = YES;
				INFOPLIST_KEY_UIApplicationSupportsIndirectInputEvents = YES;
				INFOPLIST_KEY_UILaunchStoryboardName = LaunchScreenView.swift;
				INFOPLIST_KEY_UISupportedInterfaceOrientations_iPad = "UIInterfaceOrientationPortrait UIInterfaceOrientationPortraitUpsideDown UIInterfaceOrientationLandscapeLeft UIInterfaceOrientationLandscapeRight";
				INFOPLIST_KEY_UISupportedInterfaceOrientations_iPhone = "UIInterfaceOrientationPortrait UIInterfaceOrientationLandscapeLeft UIInterfaceOrientationLandscapeRight";
				LD_RUNPATH_SEARCH_PATHS = (
					"$(inherited)",
					"@executable_path/Frameworks",
				);
				MARKETING_VERSION = 1.0;
				PRODUCT_BUNDLE_IDENTIFIER = com.AldoNavarrete.realestateapp;
				PRODUCT_NAME = "$(TARGET_NAME)";
				SWIFT_EMIT_LOC_STRINGS = YES;
				SWIFT_VERSION = 5.0;
				TARGETED_DEVICE_FAMILY = "1,2";
			};
			name = Debug;
		};
		F737B5D029526C6F0064ACCE /* Release */ = {
			isa = XCBuildConfiguration;
			buildSettings = {
				ASSETCATALOG_COMPILER_APPICON_NAME = AppIcon;
				ASSETCATALOG_COMPILER_GLOBAL_ACCENT_COLOR_NAME = AccentColor;
				CODE_SIGN_STYLE = Automatic;
				CURRENT_PROJECT_VERSION = 1;
				DEVELOPMENT_ASSET_PATHS = "\"realestateapp/Preview Content\"";
				DEVELOPMENT_TEAM = RP67JK5JJ9;
				ENABLE_PREVIEWS = YES;
				GENERATE_INFOPLIST_FILE = YES;
				INFOPLIST_FILE = "RealEstate-Info.plist";
				INFOPLIST_KEY_UIApplicationSceneManifest_Generation = YES;
				INFOPLIST_KEY_UIApplicationSupportsIndirectInputEvents = YES;
				INFOPLIST_KEY_UILaunchStoryboardName = LaunchScreenView.swift;
				INFOPLIST_KEY_UISupportedInterfaceOrientations_iPad = "UIInterfaceOrientationPortrait UIInterfaceOrientationPortraitUpsideDown UIInterfaceOrientationLandscapeLeft UIInterfaceOrientationLandscapeRight";
				INFOPLIST_KEY_UISupportedInterfaceOrientations_iPhone = "UIInterfaceOrientationPortrait UIInterfaceOrientationLandscapeLeft UIInterfaceOrientationLandscapeRight";
				LD_RUNPATH_SEARCH_PATHS = (
					"$(inherited)",
					"@executable_path/Frameworks",
				);
				MARKETING_VERSION = 1.0;
				PRODUCT_BUNDLE_IDENTIFIER = com.AldoNavarrete.realestateapp;
				PRODUCT_NAME = "$(TARGET_NAME)";
				SWIFT_EMIT_LOC_STRINGS = YES;
				SWIFT_VERSION = 5.0;
				TARGETED_DEVICE_FAMILY = "1,2";
			};
			name = Release;
		};
/* End XCBuildConfiguration section */

/* Begin XCConfigurationList section */
		F737B5BB29526C6C0064ACCE /* Build configuration list for PBXProject "RealEstate" */ = {
			isa = XCConfigurationList;
			buildConfigurations = (
				F737B5CC29526C6F0064ACCE /* Debug */,
				F737B5CD29526C6F0064ACCE /* Release */,
			);
			defaultConfigurationIsVisible = 0;
			defaultConfigurationName = Release;
		};
		F737B5CE29526C6F0064ACCE /* Build configuration list for PBXNativeTarget "RealEstate" */ = {
			isa = XCConfigurationList;
			buildConfigurations = (
				F737B5CF29526C6F0064ACCE /* Debug */,
				F737B5D029526C6F0064ACCE /* Release */,
			);
			defaultConfigurationIsVisible = 0;
			defaultConfigurationName = Release;
		};
/* End XCConfigurationList section */

/* Begin XCRemoteSwiftPackageReference section */
		F71B5AB329E4AA7D00F0C8E3 /* XCRemoteSwiftPackageReference "Kingfisher" */ = {
			isa = XCRemoteSwiftPackageReference;
			repositoryURL = "https://github.com/onevcat/Kingfisher.git";
			requirement = {
				kind = upToNextMajorVersion;
				minimumVersion = 7.0.0;
			};
		};
		F73D187029B6E95000F4D2D4 /* XCRemoteSwiftPackageReference "firebase-ios-sdk" */ = {
			isa = XCRemoteSwiftPackageReference;
			repositoryURL = "https://github.com/firebase/firebase-ios-sdk";
			requirement = {
				kind = upToNextMajorVersion;
				minimumVersion = 8.0.0;
			};
		};
/* End XCRemoteSwiftPackageReference section */

/* Begin XCSwiftPackageProductDependency section */
		F71B5AB129E4A58200F0C8E3 /* FirebaseFirestoreSwift-Beta */ = {
			isa = XCSwiftPackageProductDependency;
			package = F73D187029B6E95000F4D2D4 /* XCRemoteSwiftPackageReference "firebase-ios-sdk" */;
			productName = "FirebaseFirestoreSwift-Beta";
		};
		F71B5AB429E4AA7D00F0C8E3 /* Kingfisher */ = {
			isa = XCSwiftPackageProductDependency;
			package = F71B5AB329E4AA7D00F0C8E3 /* XCRemoteSwiftPackageReference "Kingfisher" */;
			productName = Kingfisher;
		};
		F73D187129B6E95100F4D2D4 /* FirebaseAuth */ = {
			isa = XCSwiftPackageProductDependency;
			package = F73D187029B6E95000F4D2D4 /* XCRemoteSwiftPackageReference "firebase-ios-sdk" */;
			productName = FirebaseAuth;
		};
		F73D187329B6E95100F4D2D4 /* FirebaseFirestore */ = {
			isa = XCSwiftPackageProductDependency;
			package = F73D187029B6E95000F4D2D4 /* XCRemoteSwiftPackageReference "firebase-ios-sdk" */;
			productName = FirebaseFirestore;
		};
		F73D187529B6E95100F4D2D4 /* FirebaseStorage */ = {
			isa = XCSwiftPackageProductDependency;
			package = F73D187029B6E95000F4D2D4 /* XCRemoteSwiftPackageReference "firebase-ios-sdk" */;
			productName = FirebaseStorage;
		};
/* End XCSwiftPackageProductDependency section */
	};
	rootObject = F737B5B829526C6C0064ACCE /* Project object */;
}
