// !$*UTF8*$!
{
	archiveVersion = 1;
	classes = {
	};
	objectVersion = 56;
	objects = {

/* Begin PBXBuildFile section */
		F712718C296743C2007FDCB2 /* pr-sample-contract.pdf in Resources */ = {isa = PBXBuildFile; fileRef = F712718B296743C1007FDCB2 /* pr-sample-contract.pdf */; };
		F72123BA29537D9300F1EE26 /* TransactionView.swift in Sources */ = {isa = PBXBuildFile; fileRef = F72123B929537D9300F1EE26 /* TransactionView.swift */; };
		F72123BC295387BE00F1EE26 /* ContactoExpandidoView.swift in Sources */ = {isa = PBXBuildFile; fileRef = F72123BB295387BE00F1EE26 /* ContactoExpandidoView.swift */; };
		F72123BE29538C8D00F1EE26 /* PropiedadExpandidaView.swift in Sources */ = {isa = PBXBuildFile; fileRef = F72123BD29538C8D00F1EE26 /* PropiedadExpandidaView.swift */; };
		F737B5C429526C6C0064ACCE /* realestateappApp.swift in Sources */ = {isa = PBXBuildFile; fileRef = F737B5C329526C6C0064ACCE /* realestateappApp.swift */; };
		F737B5C629526C6C0064ACCE /* ContentView.swift in Sources */ = {isa = PBXBuildFile; fileRef = F737B5C529526C6C0064ACCE /* ContentView.swift */; };
		F737B5C829526C6F0064ACCE /* Assets.xcassets in Resources */ = {isa = PBXBuildFile; fileRef = F737B5C729526C6F0064ACCE /* Assets.xcassets */; };
		F737B5CB29526C6F0064ACCE /* Preview Assets.xcassets in Resources */ = {isa = PBXBuildFile; fileRef = F737B5CA29526C6F0064ACCE /* Preview Assets.xcassets */; };
		F737B5D229526DEF0064ACCE /* HomeView.swift in Sources */ = {isa = PBXBuildFile; fileRef = F737B5D129526DEF0064ACCE /* HomeView.swift */; };
		F737B5D429527A170064ACCE /* CuadroPropiedadView.swift in Sources */ = {isa = PBXBuildFile; fileRef = F737B5D329527A170064ACCE /* CuadroPropiedadView.swift */; };
		F737B5D6295338600064ACCE /* FinanzasView.swift in Sources */ = {isa = PBXBuildFile; fileRef = F737B5D5295338600064ACCE /* FinanzasView.swift */; };
		F74F1768295618B90044F7AF /* AjustesView.swift in Sources */ = {isa = PBXBuildFile; fileRef = F74F1767295618B90044F7AF /* AjustesView.swift */; };
		F74F470F29565E840012CCF5 /* Guest.swift in Sources */ = {isa = PBXBuildFile; fileRef = F74F470E29565E840012CCF5 /* Guest.swift */; };
		F74F4711295660620012CCF5 /* Owner.swift in Sources */ = {isa = PBXBuildFile; fileRef = F74F4710295660620012CCF5 /* Owner.swift */; };
		F74F4713295661750012CCF5 /* Property.swift in Sources */ = {isa = PBXBuildFile; fileRef = F74F4712295661750012CCF5 /* Property.swift */; };
		F7769F9D29B3B19500B8518F /* AuthViewModel.swift in Sources */ = {isa = PBXBuildFile; fileRef = F7769F9C29B3B19500B8518F /* AuthViewModel.swift */; };
		F7769F9F29B3B9C900B8518F /* RegisterView.swift in Sources */ = {isa = PBXBuildFile; fileRef = F7769F9E29B3B9C900B8518F /* RegisterView.swift */; };
		F79BF92D29B036840083AF3C /* GoogleService-Info.plist in Resources */ = {isa = PBXBuildFile; fileRef = F79BF92C29B036840083AF3C /* GoogleService-Info.plist */; };
		F79BF93029B037380083AF3C /* FirebaseAnalytics in Frameworks */ = {isa = PBXBuildFile; productRef = F79BF92F29B037380083AF3C /* FirebaseAnalytics */; };
		F79BF93229B037380083AF3C /* FirebaseAuth in Frameworks */ = {isa = PBXBuildFile; productRef = F79BF93129B037380083AF3C /* FirebaseAuth */; };
		F79BF93429B037380083AF3C /* FirebaseFirestore in Frameworks */ = {isa = PBXBuildFile; productRef = F79BF93329B037380083AF3C /* FirebaseFirestore */; };
		F79BF93829B039550083AF3C /* LoginView.swift in Sources */ = {isa = PBXBuildFile; fileRef = F79BF93729B039550083AF3C /* LoginView.swift */; };
		F79BF93A29B039760083AF3C /* LoginViewModel.swift in Sources */ = {isa = PBXBuildFile; fileRef = F79BF93929B039760083AF3C /* LoginViewModel.swift */; };
		F7D8DAA1295640070096A811 /* ContractView.swift in Sources */ = {isa = PBXBuildFile; fileRef = F7D8DAA0295640070096A811 /* ContractView.swift */; };
/* End PBXBuildFile section */

/* Begin PBXFileReference section */
		F712718B296743C1007FDCB2 /* pr-sample-contract.pdf */ = {isa = PBXFileReference; lastKnownFileType = image.pdf; path = "pr-sample-contract.pdf"; sourceTree = "<group>"; };
		F72123B929537D9300F1EE26 /* TransactionView.swift */ = {isa = PBXFileReference; lastKnownFileType = sourcecode.swift; name = TransactionView.swift; path = realestateapp/View/TransactionView.swift; sourceTree = SOURCE_ROOT; };
		F72123BB295387BE00F1EE26 /* ContactoExpandidoView.swift */ = {isa = PBXFileReference; lastKnownFileType = sourcecode.swift; name = ContactoExpandidoView.swift; path = realestateapp/View/ContactoExpandidoView.swift; sourceTree = SOURCE_ROOT; };
		F72123BD29538C8D00F1EE26 /* PropiedadExpandidaView.swift */ = {isa = PBXFileReference; lastKnownFileType = sourcecode.swift; name = PropiedadExpandidaView.swift; path = realestateapp/View/PropiedadExpandidaView.swift; sourceTree = SOURCE_ROOT; };
		F737B5C029526C6C0064ACCE /* RealEstate.app */ = {isa = PBXFileReference; explicitFileType = wrapper.application; includeInIndex = 0; path = RealEstate.app; sourceTree = BUILT_PRODUCTS_DIR; };
		F737B5C329526C6C0064ACCE /* realestateappApp.swift */ = {isa = PBXFileReference; lastKnownFileType = sourcecode.swift; path = realestateappApp.swift; sourceTree = "<group>"; };
		F737B5C529526C6C0064ACCE /* ContentView.swift */ = {isa = PBXFileReference; lastKnownFileType = sourcecode.swift; name = ContentView.swift; path = realestateapp/ContentView.swift; sourceTree = SOURCE_ROOT; };
		F737B5C729526C6F0064ACCE /* Assets.xcassets */ = {isa = PBXFileReference; lastKnownFileType = folder.assetcatalog; path = Assets.xcassets; sourceTree = "<group>"; };
		F737B5CA29526C6F0064ACCE /* Preview Assets.xcassets */ = {isa = PBXFileReference; lastKnownFileType = folder.assetcatalog; path = "Preview Assets.xcassets"; sourceTree = "<group>"; };
		F737B5D129526DEF0064ACCE /* HomeView.swift */ = {isa = PBXFileReference; lastKnownFileType = sourcecode.swift; name = HomeView.swift; path = realestateapp/View/HomeView.swift; sourceTree = SOURCE_ROOT; };
		F737B5D329527A170064ACCE /* CuadroPropiedadView.swift */ = {isa = PBXFileReference; lastKnownFileType = sourcecode.swift; name = CuadroPropiedadView.swift; path = realestateapp/View/CuadroPropiedadView.swift; sourceTree = SOURCE_ROOT; };
		F737B5D5295338600064ACCE /* FinanzasView.swift */ = {isa = PBXFileReference; lastKnownFileType = sourcecode.swift; name = FinanzasView.swift; path = realestateapp/View/FinanzasView.swift; sourceTree = SOURCE_ROOT; };
		F74F1767295618B90044F7AF /* AjustesView.swift */ = {isa = PBXFileReference; lastKnownFileType = sourcecode.swift; path = AjustesView.swift; sourceTree = "<group>"; };
		F74F470E29565E840012CCF5 /* Guest.swift */ = {isa = PBXFileReference; lastKnownFileType = sourcecode.swift; path = Guest.swift; sourceTree = "<group>"; };
		F74F4710295660620012CCF5 /* Owner.swift */ = {isa = PBXFileReference; lastKnownFileType = sourcecode.swift; path = Owner.swift; sourceTree = "<group>"; };
		F74F4712295661750012CCF5 /* Property.swift */ = {isa = PBXFileReference; lastKnownFileType = sourcecode.swift; path = Property.swift; sourceTree = "<group>"; };
		F7769F9C29B3B19500B8518F /* AuthViewModel.swift */ = {isa = PBXFileReference; lastKnownFileType = sourcecode.swift; path = AuthViewModel.swift; sourceTree = "<group>"; };
		F7769F9E29B3B9C900B8518F /* RegisterView.swift */ = {isa = PBXFileReference; lastKnownFileType = sourcecode.swift; path = RegisterView.swift; sourceTree = "<group>"; };
		F7769FA029B3BB2F00B8518F /* RealEstate-Info.plist */ = {isa = PBXFileReference; lastKnownFileType = text.plist; path = "RealEstate-Info.plist"; sourceTree = "<group>"; };
		F79BF92C29B036840083AF3C /* GoogleService-Info.plist */ = {isa = PBXFileReference; fileEncoding = 4; lastKnownFileType = text.plist.xml; path = "GoogleService-Info.plist"; sourceTree = "<group>"; };
		F79BF93729B039550083AF3C /* LoginView.swift */ = {isa = PBXFileReference; lastKnownFileType = sourcecode.swift; path = LoginView.swift; sourceTree = "<group>"; };
		F79BF93929B039760083AF3C /* LoginViewModel.swift */ = {isa = PBXFileReference; lastKnownFileType = sourcecode.swift; path = LoginViewModel.swift; sourceTree = "<group>"; };
		F7D8DAA0295640070096A811 /* ContractView.swift */ = {isa = PBXFileReference; lastKnownFileType = sourcecode.swift; path = ContractView.swift; sourceTree = "<group>"; };
/* End PBXFileReference section */

/* Begin PBXFrameworksBuildPhase section */
		F737B5BD29526C6C0064ACCE /* Frameworks */ = {
			isa = PBXFrameworksBuildPhase;
			buildActionMask = 2147483647;
			files = (
				F79BF93029B037380083AF3C /* FirebaseAnalytics in Frameworks */,
				F79BF93229B037380083AF3C /* FirebaseAuth in Frameworks */,
				F79BF93429B037380083AF3C /* FirebaseFirestore in Frameworks */,
			);
			runOnlyForDeploymentPostprocessing = 0;
		};
/* End PBXFrameworksBuildPhase section */

/* Begin PBXGroup section */
		F737B5B729526C6C0064ACCE = {
			isa = PBXGroup;
			children = (
				F7769FA029B3BB2F00B8518F /* RealEstate-Info.plist */,
				F737B5C229526C6C0064ACCE /* realestateapp */,
				F737B5C129526C6C0064ACCE /* Products */,
			);
			sourceTree = "<group>";
		};
		F737B5C129526C6C0064ACCE /* Products */ = {
			isa = PBXGroup;
			children = (
				F737B5C029526C6C0064ACCE /* RealEstate.app */,
			);
			name = Products;
			sourceTree = "<group>";
		};
		F737B5C229526C6C0064ACCE /* realestateapp */ = {
			isa = PBXGroup;
			children = (
				F79BF92C29B036840083AF3C /* GoogleService-Info.plist */,
				F74F470D29565E390012CCF5 /* ViewModel */,
				F7EE6E54295503D4006EFF35 /* Model */,
				F7EE6E53295503CA006EFF35 /* View */,
				F7D8DA9D29563EFC0096A811 /* Data */,
				F737B5C329526C6C0064ACCE /* realestateappApp.swift */,
				F737B5C529526C6C0064ACCE /* ContentView.swift */,
				F737B5C729526C6F0064ACCE /* Assets.xcassets */,
				F737B5C929526C6F0064ACCE /* Preview Content */,
			);
			path = realestateapp;
			sourceTree = "<group>";
		};
		F737B5C929526C6F0064ACCE /* Preview Content */ = {
			isa = PBXGroup;
			children = (
				F737B5CA29526C6F0064ACCE /* Preview Assets.xcassets */,
			);
			path = "Preview Content";
			sourceTree = "<group>";
		};
		F74F470D29565E390012CCF5 /* ViewModel */ = {
			isa = PBXGroup;
			children = (
				F7769F9929B3B17000B8518F /* Auth */,
				F79BF93929B039760083AF3C /* LoginViewModel.swift */,
			);
			path = ViewModel;
			sourceTree = "<group>";
		};
		F7769F9929B3B17000B8518F /* Auth */ = {
			isa = PBXGroup;
			children = (
				F7769F9C29B3B19500B8518F /* AuthViewModel.swift */,
			);
			path = Auth;
			sourceTree = "<group>";
		};
		F7D8DA9D29563EFC0096A811 /* Data */ = {
			isa = PBXGroup;
			children = (
				F712718B296743C1007FDCB2 /* pr-sample-contract.pdf */,
			);
			path = Data;
			sourceTree = "<group>";
		};
		F7EE6E53295503CA006EFF35 /* View */ = {
			isa = PBXGroup;
			children = (
				F737B5D5295338600064ACCE /* FinanzasView.swift */,
				F72123B929537D9300F1EE26 /* TransactionView.swift */,
				F737B5D129526DEF0064ACCE /* HomeView.swift */,
				F72123BD29538C8D00F1EE26 /* PropiedadExpandidaView.swift */,
				F737B5D329527A170064ACCE /* CuadroPropiedadView.swift */,
				F72123BB295387BE00F1EE26 /* ContactoExpandidoView.swift */,
				F74F1767295618B90044F7AF /* AjustesView.swift */,
				F7D8DAA0295640070096A811 /* ContractView.swift */,
				F79BF93729B039550083AF3C /* LoginView.swift */,
				F7769F9E29B3B9C900B8518F /* RegisterView.swift */,
			);
			path = View;
			sourceTree = "<group>";
		};
		F7EE6E54295503D4006EFF35 /* Model */ = {
			isa = PBXGroup;
			children = (
				F74F470E29565E840012CCF5 /* Guest.swift */,
				F74F4710295660620012CCF5 /* Owner.swift */,
				F74F4712295661750012CCF5 /* Property.swift */,
			);
			path = Model;
			sourceTree = "<group>";
		};
/* End PBXGroup section */

/* Begin PBXNativeTarget section */
		F737B5BF29526C6C0064ACCE /* RealEstate */ = {
			isa = PBXNativeTarget;
			buildConfigurationList = F737B5CE29526C6F0064ACCE /* Build configuration list for PBXNativeTarget "RealEstate" */;
			buildPhases = (
				F737B5BC29526C6C0064ACCE /* Sources */,
				F737B5BD29526C6C0064ACCE /* Frameworks */,
				F737B5BE29526C6C0064ACCE /* Resources */,
			);
			buildRules = (
			);
			dependencies = (
			);
			name = RealEstate;
			packageProductDependencies = (
				F79BF92F29B037380083AF3C /* FirebaseAnalytics */,
				F79BF93129B037380083AF3C /* FirebaseAuth */,
				F79BF93329B037380083AF3C /* FirebaseFirestore */,
			);
			productName = realestateapp;
			productReference = F737B5C029526C6C0064ACCE /* RealEstate.app */;
			productType = "com.apple.product-type.application";
		};
/* End PBXNativeTarget section */

/* Begin PBXProject section */
		F737B5B829526C6C0064ACCE /* Project object */ = {
			isa = PBXProject;
			attributes = {
				BuildIndependentTargetsInParallel = 1;
				LastSwiftUpdateCheck = 1410;
				LastUpgradeCheck = 1410;
				TargetAttributes = {
					F737B5BF29526C6C0064ACCE = {
						CreatedOnToolsVersion = 14.1;
					};
				};
			};
			buildConfigurationList = F737B5BB29526C6C0064ACCE /* Build configuration list for PBXProject "RealEstate" */;
			compatibilityVersion = "Xcode 14.0";
			developmentRegion = en;
			hasScannedForEncodings = 0;
			knownRegions = (
				en,
				Base,
			);
			mainGroup = F737B5B729526C6C0064ACCE;
			packageReferences = (
				F79BF92E29B037380083AF3C /* XCRemoteSwiftPackageReference "firebase-ios-sdk" */,
			);
			productRefGroup = F737B5C129526C6C0064ACCE /* Products */;
			projectDirPath = "";
			projectRoot = "";
			targets = (
				F737B5BF29526C6C0064ACCE /* RealEstate */,
			);
		};
/* End PBXProject section */

/* Begin PBXResourcesBuildPhase section */
		F737B5BE29526C6C0064ACCE /* Resources */ = {
			isa = PBXResourcesBuildPhase;
			buildActionMask = 2147483647;
			files = (
				F737B5CB29526C6F0064ACCE /* Preview Assets.xcassets in Resources */,
				F737B5C829526C6F0064ACCE /* Assets.xcassets in Resources */,
				F79BF92D29B036840083AF3C /* GoogleService-Info.plist in Resources */,
				F712718C296743C2007FDCB2 /* pr-sample-contract.pdf in Resources */,
			);
			runOnlyForDeploymentPostprocessing = 0;
		};
/* End PBXResourcesBuildPhase section */

/* Begin PBXSourcesBuildPhase section */
		F737B5BC29526C6C0064ACCE /* Sources */ = {
			isa = PBXSourcesBuildPhase;
			buildActionMask = 2147483647;
			files = (
				F72123BE29538C8D00F1EE26 /* PropiedadExpandidaView.swift in Sources */,
				F74F4711295660620012CCF5 /* Owner.swift in Sources */,
				F74F470F29565E840012CCF5 /* Guest.swift in Sources */,
				F737B5D229526DEF0064ACCE /* HomeView.swift in Sources */,
				F7D8DAA1295640070096A811 /* ContractView.swift in Sources */,
				F74F1768295618B90044F7AF /* AjustesView.swift in Sources */,
				F74F4713295661750012CCF5 /* Property.swift in Sources */,
				F737B5D429527A170064ACCE /* CuadroPropiedadView.swift in Sources */,
				F7769F9F29B3B9C900B8518F /* RegisterView.swift in Sources */,
				F79BF93A29B039760083AF3C /* LoginViewModel.swift in Sources */,
				F79BF93829B039550083AF3C /* LoginView.swift in Sources */,
				F737B5D6295338600064ACCE /* FinanzasView.swift in Sources */,
				F737B5C629526C6C0064ACCE /* ContentView.swift in Sources */,
				F7769F9D29B3B19500B8518F /* AuthViewModel.swift in Sources */,
				F737B5C429526C6C0064ACCE /* realestateappApp.swift in Sources */,
				F72123BA29537D9300F1EE26 /* TransactionView.swift in Sources */,
				F72123BC295387BE00F1EE26 /* ContactoExpandidoView.swift in Sources */,
			);
			runOnlyForDeploymentPostprocessing = 0;
		};
/* End PBXSourcesBuildPhase section */

/* Begin XCBuildConfiguration section */
		F737B5CC29526C6F0064ACCE /* Debug */ = {
			isa = XCBuildConfiguration;
			buildSettings = {
				ALWAYS_SEARCH_USER_PATHS = NO;
				CLANG_ANALYZER_NONNULL = YES;
				CLANG_ANALYZER_NUMBER_OBJECT_CONVERSION = YES_AGGRESSIVE;
				CLANG_CXX_LANGUAGE_STANDARD = "gnu++20";
				CLANG_ENABLE_MODULES = YES;
				CLANG_ENABLE_OBJC_ARC = YES;
				CLANG_ENABLE_OBJC_WEAK = YES;
				CLANG_WARN_BLOCK_CAPTURE_AUTORELEASING = YES;
				CLANG_WARN_BOOL_CONVERSION = YES;
				CLANG_WARN_COMMA = YES;
				CLANG_WARN_CONSTANT_CONVERSION = YES;
				CLANG_WARN_DEPRECATED_OBJC_IMPLEMENTATIONS = YES;
				CLANG_WARN_DIRECT_OBJC_ISA_USAGE = YES_ERROR;
				CLANG_WARN_DOCUMENTATION_COMMENTS = YES;
				CLANG_WARN_EMPTY_BODY = YES;
				CLANG_WARN_ENUM_CONVERSION = YES;
				CLANG_WARN_INFINITE_RECURSION = YES;
				CLANG_WARN_INT_CONVERSION = YES;
				CLANG_WARN_NON_LITERAL_NULL_CONVERSION = YES;
				CLANG_WARN_OBJC_IMPLICIT_RETAIN_SELF = YES;
				CLANG_WARN_OBJC_LITERAL_CONVERSION = YES;
				CLANG_WARN_OBJC_ROOT_CLASS = YES_ERROR;
				CLANG_WARN_QUOTED_INCLUDE_IN_FRAMEWORK_HEADER = YES;
				CLANG_WARN_RANGE_LOOP_ANALYSIS = YES;
				CLANG_WARN_STRICT_PROTOTYPES = YES;
				CLANG_WARN_SUSPICIOUS_MOVE = YES;
				CLANG_WARN_UNGUARDED_AVAILABILITY = YES_AGGRESSIVE;
				CLANG_WARN_UNREACHABLE_CODE = YES;
				CLANG_WARN__DUPLICATE_METHOD_MATCH = YES;
				COPY_PHASE_STRIP = NO;
				DEBUG_INFORMATION_FORMAT = dwarf;
				ENABLE_STRICT_OBJC_MSGSEND = YES;
				ENABLE_TESTABILITY = YES;
				GCC_C_LANGUAGE_STANDARD = gnu11;
				GCC_DYNAMIC_NO_PIC = NO;
				GCC_NO_COMMON_BLOCKS = YES;
				GCC_OPTIMIZATION_LEVEL = 0;
				GCC_PREPROCESSOR_DEFINITIONS = (
					"DEBUG=1",
					"$(inherited)",
				);
				GCC_WARN_64_TO_32_BIT_CONVERSION = YES;
				GCC_WARN_ABOUT_RETURN_TYPE = YES_ERROR;
				GCC_WARN_UNDECLARED_SELECTOR = YES;
				GCC_WARN_UNINITIALIZED_AUTOS = YES_AGGRESSIVE;
				GCC_WARN_UNUSED_FUNCTION = YES;
				GCC_WARN_UNUSED_VARIABLE = YES;
				IPHONEOS_DEPLOYMENT_TARGET = 16.1;
				MTL_ENABLE_DEBUG_INFO = INCLUDE_SOURCE;
				MTL_FAST_MATH = YES;
				ONLY_ACTIVE_ARCH = YES;
				SDKROOT = iphoneos;
				SWIFT_ACTIVE_COMPILATION_CONDITIONS = DEBUG;
				SWIFT_OPTIMIZATION_LEVEL = "-Onone";
			};
			name = Debug;
		};
		F737B5CD29526C6F0064ACCE /* Release */ = {
			isa = XCBuildConfiguration;
			buildSettings = {
				ALWAYS_SEARCH_USER_PATHS = NO;
				CLANG_ANALYZER_NONNULL = YES;
				CLANG_ANALYZER_NUMBER_OBJECT_CONVERSION = YES_AGGRESSIVE;
				CLANG_CXX_LANGUAGE_STANDARD = "gnu++20";
				CLANG_ENABLE_MODULES = YES;
				CLANG_ENABLE_OBJC_ARC = YES;
				CLANG_ENABLE_OBJC_WEAK = YES;
				CLANG_WARN_BLOCK_CAPTURE_AUTORELEASING = YES;
				CLANG_WARN_BOOL_CONVERSION = YES;
				CLANG_WARN_COMMA = YES;
				CLANG_WARN_CONSTANT_CONVERSION = YES;
				CLANG_WARN_DEPRECATED_OBJC_IMPLEMENTATIONS = YES;
				CLANG_WARN_DIRECT_OBJC_ISA_USAGE = YES_ERROR;
				CLANG_WARN_DOCUMENTATION_COMMENTS = YES;
				CLANG_WARN_EMPTY_BODY = YES;
				CLANG_WARN_ENUM_CONVERSION = YES;
				CLANG_WARN_INFINITE_RECURSION = YES;
				CLANG_WARN_INT_CONVERSION = YES;
				CLANG_WARN_NON_LITERAL_NULL_CONVERSION = YES;
				CLANG_WARN_OBJC_IMPLICIT_RETAIN_SELF = YES;
				CLANG_WARN_OBJC_LITERAL_CONVERSION = YES;
				CLANG_WARN_OBJC_ROOT_CLASS = YES_ERROR;
				CLANG_WARN_QUOTED_INCLUDE_IN_FRAMEWORK_HEADER = YES;
				CLANG_WARN_RANGE_LOOP_ANALYSIS = YES;
				CLANG_WARN_STRICT_PROTOTYPES = YES;
				CLANG_WARN_SUSPICIOUS_MOVE = YES;
				CLANG_WARN_UNGUARDED_AVAILABILITY = YES_AGGRESSIVE;
				CLANG_WARN_UNREACHABLE_CODE = YES;
				CLANG_WARN__DUPLICATE_METHOD_MATCH = YES;
				COPY_PHASE_STRIP = NO;
				DEBUG_INFORMATION_FORMAT = "dwarf-with-dsym";
				ENABLE_NS_ASSERTIONS = NO;
				ENABLE_STRICT_OBJC_MSGSEND = YES;
				GCC_C_LANGUAGE_STANDARD = gnu11;
				GCC_NO_COMMON_BLOCKS = YES;
				GCC_WARN_64_TO_32_BIT_CONVERSION = YES;
				GCC_WARN_ABOUT_RETURN_TYPE = YES_ERROR;
				GCC_WARN_UNDECLARED_SELECTOR = YES;
				GCC_WARN_UNINITIALIZED_AUTOS = YES_AGGRESSIVE;
				GCC_WARN_UNUSED_FUNCTION = YES;
				GCC_WARN_UNUSED_VARIABLE = YES;
				IPHONEOS_DEPLOYMENT_TARGET = 16.1;
				MTL_ENABLE_DEBUG_INFO = NO;
				MTL_FAST_MATH = YES;
				SDKROOT = iphoneos;
				SWIFT_COMPILATION_MODE = wholemodule;
				SWIFT_OPTIMIZATION_LEVEL = "-O";
				VALIDATE_PRODUCT = YES;
			};
			name = Release;
		};
		F737B5CF29526C6F0064ACCE /* Debug */ = {
			isa = XCBuildConfiguration;
			buildSettings = {
				ASSETCATALOG_COMPILER_APPICON_NAME = AppIcon;
				ASSETCATALOG_COMPILER_GLOBAL_ACCENT_COLOR_NAME = AccentColor;
				CODE_SIGN_STYLE = Automatic;
				CURRENT_PROJECT_VERSION = 1;
				DEVELOPMENT_ASSET_PATHS = "\"realestateapp/Preview Content\"";
				DEVELOPMENT_TEAM = RP67JK5JJ9;
				ENABLE_PREVIEWS = YES;
				GENERATE_INFOPLIST_FILE = YES;
				INFOPLIST_FILE = "RealEstate-Info.plist";
				INFOPLIST_KEY_UIApplicationSupportsIndirectInputEvents = YES;
				INFOPLIST_KEY_UILaunchScreen_Generation = YES;
				INFOPLIST_KEY_UISupportedInterfaceOrientations_iPad = "UIInterfaceOrientationPortrait UIInterfaceOrientationPortraitUpsideDown UIInterfaceOrientationLandscapeLeft UIInterfaceOrientationLandscapeRight";
				INFOPLIST_KEY_UISupportedInterfaceOrientations_iPhone = "UIInterfaceOrientationPortrait UIInterfaceOrientationLandscapeLeft UIInterfaceOrientationLandscapeRight";
				LD_RUNPATH_SEARCH_PATHS = (
					"$(inherited)",
					"@executable_path/Frameworks",
				);
				MARKETING_VERSION = 1.0;
				PRODUCT_BUNDLE_IDENTIFIER = com.AldoNavarrete.realestateapp;
				PRODUCT_NAME = "$(TARGET_NAME)";
				SWIFT_EMIT_LOC_STRINGS = YES;
				SWIFT_VERSION = 5.0;
				TARGETED_DEVICE_FAMILY = "1,2";
			};
			name = Debug;
		};
		F737B5D029526C6F0064ACCE /* Release */ = {
			isa = XCBuildConfiguration;
			buildSettings = {
				ASSETCATALOG_COMPILER_APPICON_NAME = AppIcon;
				ASSETCATALOG_COMPILER_GLOBAL_ACCENT_COLOR_NAME = AccentColor;
				CODE_SIGN_STYLE = Automatic;
				CURRENT_PROJECT_VERSION = 1;
				DEVELOPMENT_ASSET_PATHS = "\"realestateapp/Preview Content\"";
				DEVELOPMENT_TEAM = RP67JK5JJ9;
				ENABLE_PREVIEWS = YES;
				GENERATE_INFOPLIST_FILE = YES;
				INFOPLIST_FILE = "RealEstate-Info.plist";
				INFOPLIST_KEY_UIApplicationSupportsIndirectInputEvents = YES;
				INFOPLIST_KEY_UILaunchScreen_Generation = YES;
				INFOPLIST_KEY_UISupportedInterfaceOrientations_iPad = "UIInterfaceOrientationPortrait UIInterfaceOrientationPortraitUpsideDown UIInterfaceOrientationLandscapeLeft UIInterfaceOrientationLandscapeRight";
				INFOPLIST_KEY_UISupportedInterfaceOrientations_iPhone = "UIInterfaceOrientationPortrait UIInterfaceOrientationLandscapeLeft UIInterfaceOrientationLandscapeRight";
				LD_RUNPATH_SEARCH_PATHS = (
					"$(inherited)",
					"@executable_path/Frameworks",
				);
				MARKETING_VERSION = 1.0;
				PRODUCT_BUNDLE_IDENTIFIER = com.AldoNavarrete.realestateapp;
				PRODUCT_NAME = "$(TARGET_NAME)";
				SWIFT_EMIT_LOC_STRINGS = YES;
				SWIFT_VERSION = 5.0;
				TARGETED_DEVICE_FAMILY = "1,2";
			};
			name = Release;
		};
/* End XCBuildConfiguration section */

/* Begin XCConfigurationList section */
		F737B5BB29526C6C0064ACCE /* Build configuration list for PBXProject "RealEstate" */ = {
			isa = XCConfigurationList;
			buildConfigurations = (
				F737B5CC29526C6F0064ACCE /* Debug */,
				F737B5CD29526C6F0064ACCE /* Release */,
			);
			defaultConfigurationIsVisible = 0;
			defaultConfigurationName = Release;
		};
		F737B5CE29526C6F0064ACCE /* Build configuration list for PBXNativeTarget "RealEstate" */ = {
			isa = XCConfigurationList;
			buildConfigurations = (
				F737B5CF29526C6F0064ACCE /* Debug */,
				F737B5D029526C6F0064ACCE /* Release */,
			);
			defaultConfigurationIsVisible = 0;
			defaultConfigurationName = Release;
		};
/* End XCConfigurationList section */

/* Begin XCRemoteSwiftPackageReference section */
		F79BF92E29B037380083AF3C /* XCRemoteSwiftPackageReference "firebase-ios-sdk" */ = {
			isa = XCRemoteSwiftPackageReference;
			repositoryURL = "https://github.com/firebase/firebase-ios-sdk";
			requirement = {
				kind = upToNextMajorVersion;
				minimumVersion = 9.0.0;
			};
		};
/* End XCRemoteSwiftPackageReference section */

/* Begin XCSwiftPackageProductDependency section */
		F79BF92F29B037380083AF3C /* FirebaseAnalytics */ = {
			isa = XCSwiftPackageProductDependency;
			package = F79BF92E29B037380083AF3C /* XCRemoteSwiftPackageReference "firebase-ios-sdk" */;
			productName = FirebaseAnalytics;
		};
		F79BF93129B037380083AF3C /* FirebaseAuth */ = {
			isa = XCSwiftPackageProductDependency;
			package = F79BF92E29B037380083AF3C /* XCRemoteSwiftPackageReference "firebase-ios-sdk" */;
			productName = FirebaseAuth;
		};
		F79BF93329B037380083AF3C /* FirebaseFirestore */ = {
			isa = XCSwiftPackageProductDependency;
			package = F79BF92E29B037380083AF3C /* XCRemoteSwiftPackageReference "firebase-ios-sdk" */;
			productName = FirebaseFirestore;
		};
/* End XCSwiftPackageProductDependency section */
	};
	rootObject = F737B5B829526C6C0064ACCE /* Project object */;
}
